
Microsoft Visual Studio Solution File, Format Version 12.00
# Visual Studio Version 16
VisualStudioVersion = 16.0.28407.52
MinimumVisualStudioVersion = 10.0.40219.1
Project("{FAE04EC0-301F-11D3-BF4B-00C04F79EFBC}") = "XamarinFirebase.UWP", "XamarinFirebase\XamarinFirebase.UWP\XamarinFirebase.UWP.csproj", "{966A0F76-999B-416F-AE11-EFD3575170A3}"
EndProject
Project("{FAE04EC0-301F-11D3-BF4B-00C04F79EFBC}") = "XamarinFirebase.Android", "XamarinFirebase\XamarinFirebase.Android\XamarinFirebase.Android.csproj", "{320FDA5A-83B2-429F-89A4-FBF75CACFDD3}"
EndProject
Project("{FAE04EC0-301F-11D3-BF4B-00C04F79EFBC}") = "XamarinFirebase.iOS", "XamarinFirebase\XamarinFirebase.iOS\XamarinFirebase.iOS.csproj", "{25FFD655-1D38-49D7-9481-EE3545772957}"
EndProject
Project("{FAE04EC0-301F-11D3-BF4B-00C04F79EFBC}") = "XamarinFirebase", "XamarinFirebase\XamarinFirebase\XamarinFirebase.csproj", "{86548B6A-7AFB-47D8-83CE-1CCCD5113A15}"
EndProject
Global
	GlobalSection(SolutionConfigurationPlatforms) = preSolution
		Ad-Hoc|Any CPU = Ad-Hoc|Any CPU
		Ad-Hoc|ARM = Ad-Hoc|ARM
		Ad-Hoc|iPhone = Ad-Hoc|iPhone
		Ad-Hoc|iPhoneSimulator = Ad-Hoc|iPhoneSimulator
		Ad-Hoc|x64 = Ad-Hoc|x64
		Ad-Hoc|x86 = Ad-Hoc|x86
		AppStore|Any CPU = AppStore|Any CPU
		AppStore|ARM = AppStore|ARM
		AppStore|iPhone = AppStore|iPhone
		AppStore|iPhoneSimulator = AppStore|iPhoneSimulator
		AppStore|x64 = AppStore|x64
		AppStore|x86 = AppStore|x86
		Debug|Any CPU = Debug|Any CPU
		Debug|ARM = Debug|ARM
		Debug|iPhone = Debug|iPhone
		Debug|iPhoneSimulator = Debug|iPhoneSimulator
		Debug|x64 = Debug|x64
		Debug|x86 = Debug|x86
		Release|Any CPU = Release|Any CPU
		Release|ARM = Release|ARM
		Release|iPhone = Release|iPhone
		Release|iPhoneSimulator = Release|iPhoneSimulator
		Release|x64 = Release|x64
		Release|x86 = Release|x86
	EndGlobalSection
	GlobalSection(ProjectConfigurationPlatforms) = postSolution
		{966A0F76-999B-416F-AE11-EFD3575170A3}.Ad-Hoc|Any CPU.ActiveCfg = Release|x86
		{966A0F76-999B-416F-AE11-EFD3575170A3}.Ad-Hoc|Any CPU.Build.0 = Release|x86
		{966A0F76-999B-416F-AE11-EFD3575170A3}.Ad-Hoc|Any CPU.Deploy.0 = Release|x86
		{966A0F76-999B-416F-AE11-EFD3575170A3}.Ad-Hoc|ARM.ActiveCfg = Release|ARM
		{966A0F76-999B-416F-AE11-EFD3575170A3}.Ad-Hoc|ARM.Build.0 = Release|ARM
		{966A0F76-999B-416F-AE11-EFD3575170A3}.Ad-Hoc|ARM.Deploy.0 = Release|ARM
		{966A0F76-999B-416F-AE11-EFD3575170A3}.Ad-Hoc|iPhone.ActiveCfg = Release|x86
		{966A0F76-999B-416F-AE11-EFD3575170A3}.Ad-Hoc|iPhone.Build.0 = Release|x86
		{966A0F76-999B-416F-AE11-EFD3575170A3}.Ad-Hoc|iPhone.Deploy.0 = Release|x86
		{966A0F76-999B-416F-AE11-EFD3575170A3}.Ad-Hoc|iPhoneSimulator.ActiveCfg = Release|x86
		{966A0F76-999B-416F-AE11-EFD3575170A3}.Ad-Hoc|iPhoneSimulator.Build.0 = Release|x86
		{966A0F76-999B-416F-AE11-EFD3575170A3}.Ad-Hoc|iPhoneSimulator.Deploy.0 = Release|x86
		{966A0F76-999B-416F-AE11-EFD3575170A3}.Ad-Hoc|x64.ActiveCfg = Release|x64
		{966A0F76-999B-416F-AE11-EFD3575170A3}.Ad-Hoc|x64.Build.0 = Release|x64
		{966A0F76-999B-416F-AE11-EFD3575170A3}.Ad-Hoc|x64.Deploy.0 = Release|x64
		{966A0F76-999B-416F-AE11-EFD3575170A3}.Ad-Hoc|x86.ActiveCfg = Release|x86
		{966A0F76-999B-416F-AE11-EFD3575170A3}.Ad-Hoc|x86.Build.0 = Release|x86
		{966A0F76-999B-416F-AE11-EFD3575170A3}.Ad-Hoc|x86.Deploy.0 = Release|x86
		{966A0F76-999B-416F-AE11-EFD3575170A3}.AppStore|Any CPU.ActiveCfg = Release|x86
		{966A0F76-999B-416F-AE11-EFD3575170A3}.AppStore|Any CPU.Build.0 = Release|x86
		{966A0F76-999B-416F-AE11-EFD3575170A3}.AppStore|Any CPU.Deploy.0 = Release|x86
		{966A0F76-999B-416F-AE11-EFD3575170A3}.AppStore|ARM.ActiveCfg = Release|ARM
		{966A0F76-999B-416F-AE11-EFD3575170A3}.AppStore|ARM.Build.0 = Release|ARM
		{966A0F76-999B-416F-AE11-EFD3575170A3}.AppStore|ARM.Deploy.0 = Release|ARM
		{966A0F76-999B-416F-AE11-EFD3575170A3}.AppStore|iPhone.ActiveCfg = Release|x86
		{966A0F76-999B-416F-AE11-EFD3575170A3}.AppStore|iPhone.Build.0 = Release|x86
		{966A0F76-999B-416F-AE11-EFD3575170A3}.AppStore|iPhone.Deploy.0 = Release|x86
		{966A0F76-999B-416F-AE11-EFD3575170A3}.AppStore|iPhoneSimulator.ActiveCfg = Release|x86
		{966A0F76-999B-416F-AE11-EFD3575170A3}.AppStore|iPhoneSimulator.Build.0 = Release|x86
		{966A0F76-999B-416F-AE11-EFD3575170A3}.AppStore|iPhoneSimulator.Deploy.0 = Release|x86
		{966A0F76-999B-416F-AE11-EFD3575170A3}.AppStore|x64.ActiveCfg = Release|x64
		{966A0F76-999B-416F-AE11-EFD3575170A3}.AppStore|x64.Build.0 = Release|x64
		{966A0F76-999B-416F-AE11-EFD3575170A3}.AppStore|x64.Deploy.0 = Release|x64
		{966A0F76-999B-416F-AE11-EFD3575170A3}.AppStore|x86.ActiveCfg = Release|x86
		{966A0F76-999B-416F-AE11-EFD3575170A3}.AppStore|x86.Build.0 = Release|x86
		{966A0F76-999B-416F-AE11-EFD3575170A3}.AppStore|x86.Deploy.0 = Release|x86
		{966A0F76-999B-416F-AE11-EFD3575170A3}.Debug|Any CPU.ActiveCfg = Debug|x86
		{966A0F76-999B-416F-AE11-EFD3575170A3}.Debug|Any CPU.Build.0 = Debug|x86
		{966A0F76-999B-416F-AE11-EFD3575170A3}.Debug|Any CPU.Deploy.0 = Debug|x86
		{966A0F76-999B-416F-AE11-EFD3575170A3}.Debug|ARM.ActiveCfg = Debug|ARM
		{966A0F76-999B-416F-AE11-EFD3575170A3}.Debug|ARM.Build.0 = Debug|ARM
		{966A0F76-999B-416F-AE11-EFD3575170A3}.Debug|ARM.Deploy.0 = Debug|ARM
		{966A0F76-999B-416F-AE11-EFD3575170A3}.Debug|iPhone.ActiveCfg = Debug|x86
		{966A0F76-999B-416F-AE11-EFD3575170A3}.Debug|iPhone.Build.0 = Debug|x86
		{966A0F76-999B-416F-AE11-EFD3575170A3}.Debug|iPhone.Deploy.0 = Debug|x86
		{966A0F76-999B-416F-AE11-EFD3575170A3}.Debug|iPhoneSimulator.ActiveCfg = Debug|x86
		{966A0F76-999B-416F-AE11-EFD3575170A3}.Debug|iPhoneSimulator.Build.0 = Debug|x86
		{966A0F76-999B-416F-AE11-EFD3575170A3}.Debug|iPhoneSimulator.Deploy.0 = Debug|x86
		{966A0F76-999B-416F-AE11-EFD3575170A3}.Debug|x64.ActiveCfg = Debug|x64
		{966A0F76-999B-416F-AE11-EFD3575170A3}.Debug|x64.Build.0 = Debug|x64
		{966A0F76-999B-416F-AE11-EFD3575170A3}.Debug|x64.Deploy.0 = Debug|x64
		{966A0F76-999B-416F-AE11-EFD3575170A3}.Debug|x86.ActiveCfg = Debug|x86
		{966A0F76-999B-416F-AE11-EFD3575170A3}.Debug|x86.Build.0 = Debug|x86
		{966A0F76-999B-416F-AE11-EFD3575170A3}.Debug|x86.Deploy.0 = Debug|x86
		{966A0F76-999B-416F-AE11-EFD3575170A3}.Release|Any CPU.ActiveCfg = Release|x86
		{966A0F76-999B-416F-AE11-EFD3575170A3}.Release|Any CPU.Build.0 = Release|x86
		{966A0F76-999B-416F-AE11-EFD3575170A3}.Release|Any CPU.Deploy.0 = Release|x86
		{966A0F76-999B-416F-AE11-EFD3575170A3}.Release|ARM.ActiveCfg = Release|ARM
		{966A0F76-999B-416F-AE11-EFD3575170A3}.Release|ARM.Build.0 = Release|ARM
		{966A0F76-999B-416F-AE11-EFD3575170A3}.Release|ARM.Deploy.0 = Release|ARM
		{966A0F76-999B-416F-AE11-EFD3575170A3}.Release|iPhone.ActiveCfg = Release|x86
		{966A0F76-999B-416F-AE11-EFD3575170A3}.Release|iPhone.Build.0 = Release|x86
		{966A0F76-999B-416F-AE11-EFD3575170A3}.Release|iPhone.Deploy.0 = Release|x86
		{966A0F76-999B-416F-AE11-EFD3575170A3}.Release|iPhoneSimulator.ActiveCfg = Release|x86
		{966A0F76-999B-416F-AE11-EFD3575170A3}.Release|iPhoneSimulator.Build.0 = Release|x86
		{966A0F76-999B-416F-AE11-EFD3575170A3}.Release|iPhoneSimulator.Deploy.0 = Release|x86
		{966A0F76-999B-416F-AE11-EFD3575170A3}.Release|x64.ActiveCfg = Release|x64
		{966A0F76-999B-416F-AE11-EFD3575170A3}.Release|x64.Build.0 = Release|x64
		{966A0F76-999B-416F-AE11-EFD3575170A3}.Release|x64.Deploy.0 = Release|x64
		{966A0F76-999B-416F-AE11-EFD3575170A3}.Release|x86.ActiveCfg = Release|x86
		{966A0F76-999B-416F-AE11-EFD3575170A3}.Release|x86.Build.0 = Release|x86
		{966A0F76-999B-416F-AE11-EFD3575170A3}.Release|x86.Deploy.0 = Release|x86
		{320FDA5A-83B2-429F-89A4-FBF75CACFDD3}.Ad-Hoc|Any CPU.ActiveCfg = Release|Any CPU
		{320FDA5A-83B2-429F-89A4-FBF75CACFDD3}.Ad-Hoc|Any CPU.Build.0 = Release|Any CPU
		{320FDA5A-83B2-429F-89A4-FBF75CACFDD3}.Ad-Hoc|Any CPU.Deploy.0 = Release|Any CPU
		{320FDA5A-83B2-429F-89A4-FBF75CACFDD3}.Ad-Hoc|ARM.ActiveCfg = Release|Any CPU
		{320FDA5A-83B2-429F-89A4-FBF75CACFDD3}.Ad-Hoc|ARM.Build.0 = Release|Any CPU
		{320FDA5A-83B2-429F-89A4-FBF75CACFDD3}.Ad-Hoc|ARM.Deploy.0 = Release|Any CPU
		{320FDA5A-83B2-429F-89A4-FBF75CACFDD3}.Ad-Hoc|iPhone.ActiveCfg = Release|Any CPU
		{320FDA5A-83B2-429F-89A4-FBF75CACFDD3}.Ad-Hoc|iPhone.Build.0 = Release|Any CPU
		{320FDA5A-83B2-429F-89A4-FBF75CACFDD3}.Ad-Hoc|iPhone.Deploy.0 = Release|Any CPU
		{320FDA5A-83B2-429F-89A4-FBF75CACFDD3}.Ad-Hoc|iPhoneSimulator.ActiveCfg = Release|Any CPU
		{320FDA5A-83B2-429F-89A4-FBF75CACFDD3}.Ad-Hoc|iPhoneSimulator.Build.0 = Release|Any CPU
		{320FDA5A-83B2-429F-89A4-FBF75CACFDD3}.Ad-Hoc|iPhoneSimulator.Deploy.0 = Release|Any CPU
		{320FDA5A-83B2-429F-89A4-FBF75CACFDD3}.Ad-Hoc|x64.ActiveCfg = Release|Any CPU
		{320FDA5A-83B2-429F-89A4-FBF75CACFDD3}.Ad-Hoc|x64.Build.0 = Release|Any CPU
		{320FDA5A-83B2-429F-89A4-FBF75CACFDD3}.Ad-Hoc|x64.Deploy.0 = Release|Any CPU
		{320FDA5A-83B2-429F-89A4-FBF75CACFDD3}.Ad-Hoc|x86.ActiveCfg = Release|Any CPU
		{320FDA5A-83B2-429F-89A4-FBF75CACFDD3}.Ad-Hoc|x86.Build.0 = Release|Any CPU
		{320FDA5A-83B2-429F-89A4-FBF75CACFDD3}.Ad-Hoc|x86.Deploy.0 = Release|Any CPU
		{320FDA5A-83B2-429F-89A4-FBF75CACFDD3}.AppStore|Any CPU.ActiveCfg = Release|Any CPU
		{320FDA5A-83B2-429F-89A4-FBF75CACFDD3}.AppStore|Any CPU.Build.0 = Release|Any CPU
		{320FDA5A-83B2-429F-89A4-FBF75CACFDD3}.AppStore|Any CPU.Deploy.0 = Release|Any CPU
		{320FDA5A-83B2-429F-89A4-FBF75CACFDD3}.AppStore|ARM.ActiveCfg = Release|Any CPU
		{320FDA5A-83B2-429F-89A4-FBF75CACFDD3}.AppStore|ARM.Build.0 = Release|Any CPU
		{320FDA5A-83B2-429F-89A4-FBF75CACFDD3}.AppStore|ARM.Deploy.0 = Release|Any CPU
		{320FDA5A-83B2-429F-89A4-FBF75CACFDD3}.AppStore|iPhone.ActiveCfg = Release|Any CPU
		{320FDA5A-83B2-429F-89A4-FBF75CACFDD3}.AppStore|iPhone.Build.0 = Release|Any CPU
		{320FDA5A-83B2-429F-89A4-FBF75CACFDD3}.AppStore|iPhone.Deploy.0 = Release|Any CPU
		{320FDA5A-83B2-429F-89A4-FBF75CACFDD3}.AppStore|iPhoneSimulator.ActiveCfg = Release|Any CPU
		{320FDA5A-83B2-429F-89A4-FBF75CACFDD3}.AppStore|iPhoneSimulator.Build.0 = Release|Any CPU
		{320FDA5A-83B2-429F-89A4-FBF75CACFDD3}.AppStore|iPhoneSimulator.Deploy.0 = Release|Any CPU
		{320FDA5A-83B2-429F-89A4-FBF75CACFDD3}.AppStore|x64.ActiveCfg = Release|Any CPU
		{320FDA5A-83B2-429F-89A4-FBF75CACFDD3}.AppStore|x64.Build.0 = Release|Any CPU
		{320FDA5A-83B2-429F-89A4-FBF75CACFDD3}.AppStore|x64.Deploy.0 = Release|Any CPU
		{320FDA5A-83B2-429F-89A4-FBF75CACFDD3}.AppStore|x86.ActiveCfg = Release|Any CPU
		{320FDA5A-83B2-429F-89A4-FBF75CACFDD3}.AppStore|x86.Build.0 = Release|Any CPU
		{320FDA5A-83B2-429F-89A4-FBF75CACFDD3}.AppStore|x86.Deploy.0 = Release|Any CPU
		{320FDA5A-83B2-429F-89A4-FBF75CACFDD3}.Debug|Any CPU.ActiveCfg = Debug|Any CPU
		{320FDA5A-83B2-429F-89A4-FBF75CACFDD3}.Debug|Any CPU.Build.0 = Debug|Any CPU
		{320FDA5A-83B2-429F-89A4-FBF75CACFDD3}.Debug|Any CPU.Deploy.0 = Debug|Any CPU
		{320FDA5A-83B2-429F-89A4-FBF75CACFDD3}.Debug|ARM.ActiveCfg = Debug|Any CPU
		{320FDA5A-83B2-429F-89A4-FBF75CACFDD3}.Debug|ARM.Build.0 = Debug|Any CPU
		{320FDA5A-83B2-429F-89A4-FBF75CACFDD3}.Debug|ARM.Deploy.0 = Debug|Any CPU
		{320FDA5A-83B2-429F-89A4-FBF75CACFDD3}.Debug|iPhone.ActiveCfg = Debug|Any CPU
		{320FDA5A-83B2-429F-89A4-FBF75CACFDD3}.Debug|iPhone.Build.0 = Debug|Any CPU
		{320FDA5A-83B2-429F-89A4-FBF75CACFDD3}.Debug|iPhone.Deploy.0 = Debug|Any CPU
		{320FDA5A-83B2-429F-89A4-FBF75CACFDD3}.Debug|iPhoneSimulator.ActiveCfg = Debug|Any CPU
		{320FDA5A-83B2-429F-89A4-FBF75CACFDD3}.Debug|iPhoneSimulator.Build.0 = Debug|Any CPU
		{320FDA5A-83B2-429F-89A4-FBF75CACFDD3}.Debug|iPhoneSimulator.Deploy.0 = Debug|Any CPU
		{320FDA5A-83B2-429F-89A4-FBF75CACFDD3}.Debug|x64.ActiveCfg = Debug|Any CPU
		{320FDA5A-83B2-429F-89A4-FBF75CACFDD3}.Debug|x64.Build.0 = Debug|Any CPU
		{320FDA5A-83B2-429F-89A4-FBF75CACFDD3}.Debug|x64.Deploy.0 = Debug|Any CPU
		{320FDA5A-83B2-429F-89A4-FBF75CACFDD3}.Debug|x86.ActiveCfg = Debug|Any CPU
		{320FDA5A-83B2-429F-89A4-FBF75CACFDD3}.Debug|x86.Build.0 = Debug|Any CPU
		{320FDA5A-83B2-429F-89A4-FBF75CACFDD3}.Debug|x86.Deploy.0 = Debug|Any CPU
		{320FDA5A-83B2-429F-89A4-FBF75CACFDD3}.Release|Any CPU.ActiveCfg = Release|Any CPU
		{320FDA5A-83B2-429F-89A4-FBF75CACFDD3}.Release|Any CPU.Build.0 = Release|Any CPU
		{320FDA5A-83B2-429F-89A4-FBF75CACFDD3}.Release|Any CPU.Deploy.0 = Release|Any CPU
		{320FDA5A-83B2-429F-89A4-FBF75CACFDD3}.Release|ARM.ActiveCfg = Release|Any CPU
		{320FDA5A-83B2-429F-89A4-FBF75CACFDD3}.Release|ARM.Build.0 = Release|Any CPU
		{320FDA5A-83B2-429F-89A4-FBF75CACFDD3}.Release|ARM.Deploy.0 = Release|Any CPU
		{320FDA5A-83B2-429F-89A4-FBF75CACFDD3}.Release|iPhone.ActiveCfg = Release|Any CPU
		{320FDA5A-83B2-429F-89A4-FBF75CACFDD3}.Release|iPhone.Build.0 = Release|Any CPU
		{320FDA5A-83B2-429F-89A4-FBF75CACFDD3}.Release|iPhone.Deploy.0 = Release|Any CPU
		{320FDA5A-83B2-429F-89A4-FBF75CACFDD3}.Release|iPhoneSimulator.ActiveCfg = Release|Any CPU
		{320FDA5A-83B2-429F-89A4-FBF75CACFDD3}.Release|iPhoneSimulator.Build.0 = Release|Any CPU
		{320FDA5A-83B2-429F-89A4-FBF75CACFDD3}.Release|iPhoneSimulator.Deploy.0 = Release|Any CPU
		{320FDA5A-83B2-429F-89A4-FBF75CACFDD3}.Release|x64.ActiveCfg = Release|Any CPU
		{320FDA5A-83B2-429F-89A4-FBF75CACFDD3}.Release|x64.Build.0 = Release|Any CPU
		{320FDA5A-83B2-429F-89A4-FBF75CACFDD3}.Release|x64.Deploy.0 = Release|Any CPU
		{320FDA5A-83B2-429F-89A4-FBF75CACFDD3}.Release|x86.ActiveCfg = Release|Any CPU
		{320FDA5A-83B2-429F-89A4-FBF75CACFDD3}.Release|x86.Build.0 = Release|Any CPU
		{320FDA5A-83B2-429F-89A4-FBF75CACFDD3}.Release|x86.Deploy.0 = Release|Any CPU
		{25FFD655-1D38-49D7-9481-EE3545772957}.Ad-Hoc|Any CPU.ActiveCfg = Ad-Hoc|iPhone
		{25FFD655-1D38-49D7-9481-EE3545772957}.Ad-Hoc|Any CPU.Build.0 = Ad-Hoc|iPhone
		{25FFD655-1D38-49D7-9481-EE3545772957}.Ad-Hoc|Any CPU.Deploy.0 = Ad-Hoc|iPhone
		{25FFD655-1D38-49D7-9481-EE3545772957}.Ad-Hoc|ARM.ActiveCfg = Ad-Hoc|iPhone
		{25FFD655-1D38-49D7-9481-EE3545772957}.Ad-Hoc|ARM.Build.0 = Ad-Hoc|iPhone
		{25FFD655-1D38-49D7-9481-EE3545772957}.Ad-Hoc|ARM.Deploy.0 = Ad-Hoc|iPhone
		{25FFD655-1D38-49D7-9481-EE3545772957}.Ad-Hoc|iPhone.ActiveCfg = Ad-Hoc|iPhone
		{25FFD655-1D38-49D7-9481-EE3545772957}.Ad-Hoc|iPhone.Build.0 = Ad-Hoc|iPhone
		{25FFD655-1D38-49D7-9481-EE3545772957}.Ad-Hoc|iPhone.Deploy.0 = Ad-Hoc|iPhone
		{25FFD655-1D38-49D7-9481-EE3545772957}.Ad-Hoc|iPhoneSimulator.ActiveCfg = Ad-Hoc|iPhoneSimulator
		{25FFD655-1D38-49D7-9481-EE3545772957}.Ad-Hoc|iPhoneSimulator.Build.0 = Ad-Hoc|iPhoneSimulator
		{25FFD655-1D38-49D7-9481-EE3545772957}.Ad-Hoc|iPhoneSimulator.Deploy.0 = Ad-Hoc|iPhoneSimulator
		{25FFD655-1D38-49D7-9481-EE3545772957}.Ad-Hoc|x64.ActiveCfg = Ad-Hoc|iPhone
		{25FFD655-1D38-49D7-9481-EE3545772957}.Ad-Hoc|x64.Build.0 = Ad-Hoc|iPhone
		{25FFD655-1D38-49D7-9481-EE3545772957}.Ad-Hoc|x64.Deploy.0 = Ad-Hoc|iPhone
		{25FFD655-1D38-49D7-9481-EE3545772957}.Ad-Hoc|x86.ActiveCfg = Ad-Hoc|iPhone
		{25FFD655-1D38-49D7-9481-EE3545772957}.Ad-Hoc|x86.Build.0 = Ad-Hoc|iPhone
		{25FFD655-1D38-49D7-9481-EE3545772957}.Ad-Hoc|x86.Deploy.0 = Ad-Hoc|iPhone
		{25FFD655-1D38-49D7-9481-EE3545772957}.AppStore|Any CPU.ActiveCfg = AppStore|iPhone
		{25FFD655-1D38-49D7-9481-EE3545772957}.AppStore|Any CPU.Build.0 = AppStore|iPhone
		{25FFD655-1D38-49D7-9481-EE3545772957}.AppStore|Any CPU.Deploy.0 = AppStore|iPhone
		{25FFD655-1D38-49D7-9481-EE3545772957}.AppStore|ARM.ActiveCfg = AppStore|iPhone
		{25FFD655-1D38-49D7-9481-EE3545772957}.AppStore|ARM.Build.0 = AppStore|iPhone
		{25FFD655-1D38-49D7-9481-EE3545772957}.AppStore|ARM.Deploy.0 = AppStore|iPhone
		{25FFD655-1D38-49D7-9481-EE3545772957}.AppStore|iPhone.ActiveCfg = AppStore|iPhone
		{25FFD655-1D38-49D7-9481-EE3545772957}.AppStore|iPhone.Build.0 = AppStore|iPhone
		{25FFD655-1D38-49D7-9481-EE3545772957}.AppStore|iPhone.Deploy.0 = AppStore|iPhone
		{25FFD655-1D38-49D7-9481-EE3545772957}.AppStore|iPhoneSimulator.ActiveCfg = AppStore|iPhoneSimulator
		{25FFD655-1D38-49D7-9481-EE3545772957}.AppStore|iPhoneSimulator.Build.0 = AppStore|iPhoneSimulator
		{25FFD655-1D38-49D7-9481-EE3545772957}.AppStore|iPhoneSimulator.Deploy.0 = AppStore|iPhoneSimulator
		{25FFD655-1D38-49D7-9481-EE3545772957}.AppStore|x64.ActiveCfg = AppStore|iPhone
		{25FFD655-1D38-49D7-9481-EE3545772957}.AppStore|x64.Build.0 = AppStore|iPhone
		{25FFD655-1D38-49D7-9481-EE3545772957}.AppStore|x64.Deploy.0 = AppStore|iPhone
		{25FFD655-1D38-49D7-9481-EE3545772957}.AppStore|x86.ActiveCfg = AppStore|iPhone
		{25FFD655-1D38-49D7-9481-EE3545772957}.AppStore|x86.Build.0 = AppStore|iPhone
		{25FFD655-1D38-49D7-9481-EE3545772957}.AppStore|x86.Deploy.0 = AppStore|iPhone
		{25FFD655-1D38-49D7-9481-EE3545772957}.Debug|Any CPU.ActiveCfg = Debug|iPhone
		{25FFD655-1D38-49D7-9481-EE3545772957}.Debug|Any CPU.Build.0 = Debug|iPhone
		{25FFD655-1D38-49D7-9481-EE3545772957}.Debug|Any CPU.Deploy.0 = Debug|iPhone
		{25FFD655-1D38-49D7-9481-EE3545772957}.Debug|ARM.ActiveCfg = Debug|iPhoneSimulator
		{25FFD655-1D38-49D7-9481-EE3545772957}.Debug|ARM.Build.0 = Debug|iPhoneSimulator
		{25FFD655-1D38-49D7-9481-EE3545772957}.Debug|ARM.Deploy.0 = Debug|iPhoneSimulator
		{25FFD655-1D38-49D7-9481-EE3545772957}.Debug|iPhone.ActiveCfg = Debug|iPhone
		{25FFD655-1D38-49D7-9481-EE3545772957}.Debug|iPhone.Build.0 = Debug|iPhone
		{25FFD655-1D38-49D7-9481-EE3545772957}.Debug|iPhone.Deploy.0 = Debug|iPhone
		{25FFD655-1D38-49D7-9481-EE3545772957}.Debug|iPhoneSimulator.ActiveCfg = Debug|iPhoneSimulator
		{25FFD655-1D38-49D7-9481-EE3545772957}.Debug|iPhoneSimulator.Build.0 = Debug|iPhoneSimulator
		{25FFD655-1D38-49D7-9481-EE3545772957}.Debug|iPhoneSimulator.Deploy.0 = Debug|iPhoneSimulator
		{25FFD655-1D38-49D7-9481-EE3545772957}.Debug|x64.ActiveCfg = Debug|iPhone
		{25FFD655-1D38-49D7-9481-EE3545772957}.Debug|x64.Build.0 = Debug|iPhone
		{25FFD655-1D38-49D7-9481-EE3545772957}.Debug|x64.Deploy.0 = Debug|iPhone
		{25FFD655-1D38-49D7-9481-EE3545772957}.Debug|x86.ActiveCfg = Debug|iPhone
		{25FFD655-1D38-49D7-9481-EE3545772957}.Debug|x86.Build.0 = Debug|iPhone
		{25FFD655-1D38-49D7-9481-EE3545772957}.Debug|x86.Deploy.0 = Debug|iPhone
		{25FFD655-1D38-49D7-9481-EE3545772957}.Release|Any CPU.ActiveCfg = Release|iPhone
		{25FFD655-1D38-49D7-9481-EE3545772957}.Release|Any CPU.Build.0 = Release|iPhone
		{25FFD655-1D38-49D7-9481-EE3545772957}.Release|Any CPU.Deploy.0 = Release|iPhone
		{25FFD655-1D38-49D7-9481-EE3545772957}.Release|ARM.ActiveCfg = Release|iPhone
		{25FFD655-1D38-49D7-9481-EE3545772957}.Release|ARM.Build.0 = Release|iPhone
		{25FFD655-1D38-49D7-9481-EE3545772957}.Release|ARM.Deploy.0 = Release|iPhone
		{25FFD655-1D38-49D7-9481-EE3545772957}.Release|iPhone.ActiveCfg = Release|iPhone
		{25FFD655-1D38-49D7-9481-EE3545772957}.Release|iPhone.Build.0 = Release|iPhone
		{25FFD655-1D38-49D7-9481-EE3545772957}.Release|iPhone.Deploy.0 = Release|iPhone
		{25FFD655-1D38-49D7-9481-EE3545772957}.Release|iPhoneSimulator.ActiveCfg = Release|iPhoneSimulator
		{25FFD655-1D38-49D7-9481-EE3545772957}.Release|iPhoneSimulator.Build.0 = Release|iPhoneSimulator
		{25FFD655-1D38-49D7-9481-EE3545772957}.Release|iPhoneSimulator.Deploy.0 = Release|iPhoneSimulator
		{25FFD655-1D38-49D7-9481-EE3545772957}.Release|x64.ActiveCfg = Release|iPhone
		{25FFD655-1D38-49D7-9481-EE3545772957}.Release|x64.Build.0 = Release|iPhone
		{25FFD655-1D38-49D7-9481-EE3545772957}.Release|x64.Deploy.0 = Release|iPhone
		{25FFD655-1D38-49D7-9481-EE3545772957}.Release|x86.ActiveCfg = Release|iPhone
		{25FFD655-1D38-49D7-9481-EE3545772957}.Release|x86.Build.0 = Release|iPhone
		{25FFD655-1D38-49D7-9481-EE3545772957}.Release|x86.Deploy.0 = Release|iPhone
		{86548B6A-7AFB-47D8-83CE-1CCCD5113A15}.Ad-Hoc|Any CPU.ActiveCfg = Debug|Any CPU
		{86548B6A-7AFB-47D8-83CE-1CCCD5113A15}.Ad-Hoc|Any CPU.Build.0 = Debug|Any CPU
		{86548B6A-7AFB-47D8-83CE-1CCCD5113A15}.Ad-Hoc|Any CPU.Deploy.0 = Debug|Any CPU
		{86548B6A-7AFB-47D8-83CE-1CCCD5113A15}.Ad-Hoc|ARM.ActiveCfg = Debug|Any CPU
		{86548B6A-7AFB-47D8-83CE-1CCCD5113A15}.Ad-Hoc|ARM.Build.0 = Debug|Any CPU
		{86548B6A-7AFB-47D8-83CE-1CCCD5113A15}.Ad-Hoc|ARM.Deploy.0 = Debug|Any CPU
		{86548B6A-7AFB-47D8-83CE-1CCCD5113A15}.Ad-Hoc|iPhone.ActiveCfg = Debug|Any CPU
		{86548B6A-7AFB-47D8-83CE-1CCCD5113A15}.Ad-Hoc|iPhone.Build.0 = Debug|Any CPU
		{86548B6A-7AFB-47D8-83CE-1CCCD5113A15}.Ad-Hoc|iPhone.Deploy.0 = Debug|Any CPU
		{86548B6A-7AFB-47D8-83CE-1CCCD5113A15}.Ad-Hoc|iPhoneSimulator.ActiveCfg = Debug|Any CPU
		{86548B6A-7AFB-47D8-83CE-1CCCD5113A15}.Ad-Hoc|iPhoneSimulator.Build.0 = Debug|Any CPU
		{86548B6A-7AFB-47D8-83CE-1CCCD5113A15}.Ad-Hoc|iPhoneSimulator.Deploy.0 = Debug|Any CPU
		{86548B6A-7AFB-47D8-83CE-1CCCD5113A15}.Ad-Hoc|x64.ActiveCfg = Debug|Any CPU
		{86548B6A-7AFB-47D8-83CE-1CCCD5113A15}.Ad-Hoc|x64.Build.0 = Debug|Any CPU
		{86548B6A-7AFB-47D8-83CE-1CCCD5113A15}.Ad-Hoc|x64.Deploy.0 = Debug|Any CPU
		{86548B6A-7AFB-47D8-83CE-1CCCD5113A15}.Ad-Hoc|x86.ActiveCfg = Debug|Any CPU
		{86548B6A-7AFB-47D8-83CE-1CCCD5113A15}.Ad-Hoc|x86.Build.0 = Debug|Any CPU
		{86548B6A-7AFB-47D8-83CE-1CCCD5113A15}.Ad-Hoc|x86.Deploy.0 = Debug|Any CPU
		{86548B6A-7AFB-47D8-83CE-1CCCD5113A15}.AppStore|Any CPU.ActiveCfg = Debug|Any CPU
		{86548B6A-7AFB-47D8-83CE-1CCCD5113A15}.AppStore|Any CPU.Build.0 = Debug|Any CPU
		{86548B6A-7AFB-47D8-83CE-1CCCD5113A15}.AppStore|Any CPU.Deploy.0 = Debug|Any CPU
		{86548B6A-7AFB-47D8-83CE-1CCCD5113A15}.AppStore|ARM.ActiveCfg = Debug|Any CPU
		{86548B6A-7AFB-47D8-83CE-1CCCD5113A15}.AppStore|ARM.Build.0 = Debug|Any CPU
		{86548B6A-7AFB-47D8-83CE-1CCCD5113A15}.AppStore|ARM.Deploy.0 = Debug|Any CPU
		{86548B6A-7AFB-47D8-83CE-1CCCD5113A15}.AppStore|iPhone.ActiveCfg = Debug|Any CPU
		{86548B6A-7AFB-47D8-83CE-1CCCD5113A15}.AppStore|iPhone.Build.0 = Debug|Any CPU
		{86548B6A-7AFB-47D8-83CE-1CCCD5113A15}.AppStore|iPhone.Deploy.0 = Debug|Any CPU
		{86548B6A-7AFB-47D8-83CE-1CCCD5113A15}.AppStore|iPhoneSimulator.ActiveCfg = Debug|Any CPU
		{86548B6A-7AFB-47D8-83CE-1CCCD5113A15}.AppStore|iPhoneSimulator.Build.0 = Debug|Any CPU
		{86548B6A-7AFB-47D8-83CE-1CCCD5113A15}.AppStore|iPhoneSimulator.Deploy.0 = Debug|Any CPU
		{86548B6A-7AFB-47D8-83CE-1CCCD5113A15}.AppStore|x64.ActiveCfg = Debug|Any CPU
		{86548B6A-7AFB-47D8-83CE-1CCCD5113A15}.AppStore|x64.Build.0 = Debug|Any CPU
		{86548B6A-7AFB-47D8-83CE-1CCCD5113A15}.AppStore|x64.Deploy.0 = Debug|Any CPU
		{86548B6A-7AFB-47D8-83CE-1CCCD5113A15}.AppStore|x86.ActiveCfg = Debug|Any CPU
		{86548B6A-7AFB-47D8-83CE-1CCCD5113A15}.AppStore|x86.Build.0 = Debug|Any CPU
		{86548B6A-7AFB-47D8-83CE-1CCCD5113A15}.AppStore|x86.Deploy.0 = Debug|Any CPU
		{86548B6A-7AFB-47D8-83CE-1CCCD5113A15}.Debug|Any CPU.ActiveCfg = Debug|Any CPU
		{86548B6A-7AFB-47D8-83CE-1CCCD5113A15}.Debug|Any CPU.Build.0 = Debug|Any CPU
		{86548B6A-7AFB-47D8-83CE-1CCCD5113A15}.Debug|Any CPU.Deploy.0 = Debug|Any CPU
		{86548B6A-7AFB-47D8-83CE-1CCCD5113A15}.Debug|ARM.ActiveCfg = Debug|Any CPU
		{86548B6A-7AFB-47D8-83CE-1CCCD5113A15}.Debug|ARM.Build.0 = Debug|Any CPU
		{86548B6A-7AFB-47D8-83CE-1CCCD5113A15}.Debug|ARM.Deploy.0 = Debug|Any CPU
		{86548B6A-7AFB-47D8-83CE-1CCCD5113A15}.Debug|iPhone.ActiveCfg = Debug|Any CPU
		{86548B6A-7AFB-47D8-83CE-1CCCD5113A15}.Debug|iPhone.Build.0 = Debug|Any CPU
		{86548B6A-7AFB-47D8-83CE-1CCCD5113A15}.Debug|iPhone.Deploy.0 = Debug|Any CPU
		{86548B6A-7AFB-47D8-83CE-1CCCD5113A15}.Debug|iPhoneSimulator.ActiveCfg = Debug|Any CPU
		{86548B6A-7AFB-47D8-83CE-1CCCD5113A15}.Debug|iPhoneSimulator.Build.0 = Debug|Any CPU
		{86548B6A-7AFB-47D8-83CE-1CCCD5113A15}.Debug|iPhoneSimulator.Deploy.0 = Debug|Any CPU
		{86548B6A-7AFB-47D8-83CE-1CCCD5113A15}.Debug|x64.ActiveCfg = Debug|Any CPU
		{86548B6A-7AFB-47D8-83CE-1CCCD5113A15}.Debug|x64.Build.0 = Debug|Any CPU
		{86548B6A-7AFB-47D8-83CE-1CCCD5113A15}.Debug|x64.Deploy.0 = Debug|Any CPU
		{86548B6A-7AFB-47D8-83CE-1CCCD5113A15}.Debug|x86.ActiveCfg = Debug|Any CPU
		{86548B6A-7AFB-47D8-83CE-1CCCD5113A15}.Debug|x86.Build.0 = Debug|Any CPU
		{86548B6A-7AFB-47D8-83CE-1CCCD5113A15}.Debug|x86.Deploy.0 = Debug|Any CPU
		{86548B6A-7AFB-47D8-83CE-1CCCD5113A15}.Release|Any CPU.ActiveCfg = Release|Any CPU
		{86548B6A-7AFB-47D8-83CE-1CCCD5113A15}.Release|Any CPU.Build.0 = Release|Any CPU
		{86548B6A-7AFB-47D8-83CE-1CCCD5113A15}.Release|Any CPU.Deploy.0 = Release|Any CPU
		{86548B6A-7AFB-47D8-83CE-1CCCD5113A15}.Release|ARM.ActiveCfg = Release|Any CPU
		{86548B6A-7AFB-47D8-83CE-1CCCD5113A15}.Release|ARM.Build.0 = Release|Any CPU
		{86548B6A-7AFB-47D8-83CE-1CCCD5113A15}.Release|ARM.Deploy.0 = Release|Any CPU
		{86548B6A-7AFB-47D8-83CE-1CCCD5113A15}.Release|iPhone.ActiveCfg = Release|Any CPU
		{86548B6A-7AFB-47D8-83CE-1CCCD5113A15}.Release|iPhone.Build.0 = Release|Any CPU
		{86548B6A-7AFB-47D8-83CE-1CCCD5113A15}.Release|iPhone.Deploy.0 = Release|Any CPU
		{86548B6A-7AFB-47D8-83CE-1CCCD5113A15}.Release|iPhoneSimulator.ActiveCfg = Release|Any CPU
		{86548B6A-7AFB-47D8-83CE-1CCCD5113A15}.Release|iPhoneSimulator.Build.0 = Release|Any CPU
		{86548B6A-7AFB-47D8-83CE-1CCCD5113A15}.Release|iPhoneSimulator.Deploy.0 = Release|Any CPU
		{86548B6A-7AFB-47D8-83CE-1CCCD5113A15}.Release|x64.ActiveCfg = Release|Any CPU
		{86548B6A-7AFB-47D8-83CE-1CCCD5113A15}.Release|x64.Build.0 = Release|Any CPU
		{86548B6A-7AFB-47D8-83CE-1CCCD5113A15}.Release|x64.Deploy.0 = Release|Any CPU
		{86548B6A-7AFB-47D8-83CE-1CCCD5113A15}.Release|x86.ActiveCfg = Release|Any CPU
		{86548B6A-7AFB-47D8-83CE-1CCCD5113A15}.Release|x86.Build.0 = Release|Any CPU
		{86548B6A-7AFB-47D8-83CE-1CCCD5113A15}.Release|x86.Deploy.0 = Release|Any CPU
	EndGlobalSection
	GlobalSection(SolutionProperties) = preSolution
		HideSolutionNode = FALSE
	EndGlobalSection
	GlobalSection(ExtensibilityGlobals) = postSolution
		SolutionGuid = {91BDE1D7-C840-4422-AC0A-6D8258375916}
	EndGlobalSection
EndGlobal
